// !$*UTF8*$!
{
	archiveVersion = 1;
	classes = {
	};
	objectVersion = 46;
	objects = {

/* Begin PBXBuildFile section */
		DD961A391CAD621C00A5A60E /* RegisterViewController.swift in Sources */ = {isa = PBXBuildFile; fileRef = DD961A381CAD621C00A5A60E /* RegisterViewController.swift */; };
		DD961A421CB0822800A5A60E /* MainViewController.swift in Sources */ = {isa = PBXBuildFile; fileRef = DD961A411CB0822800A5A60E /* MainViewController.swift */; };
		DD961A441CB0BFA400A5A60E /* CustomTabBarController.swift in Sources */ = {isa = PBXBuildFile; fileRef = DD961A431CB0BFA400A5A60E /* CustomTabBarController.swift */; };
		DD961A461CB0C1F600A5A60E /* CameraViewController.swift in Sources */ = {isa = PBXBuildFile; fileRef = DD961A451CB0C1F600A5A60E /* CameraViewController.swift */; };
		DD961A481CB2173700A5A60E /* PicturePreviewViewController.swift in Sources */ = {isa = PBXBuildFile; fileRef = DD961A471CB2173700A5A60E /* PicturePreviewViewController.swift */; };
		DD961A4A1CB2AE1200A5A60E /* SearchViewController.swift in Sources */ = {isa = PBXBuildFile; fileRef = DD961A491CB2AE1200A5A60E /* SearchViewController.swift */; };
		DDDF39C31CACB063005460FD /* AppDelegate.swift in Sources */ = {isa = PBXBuildFile; fileRef = DDDF39C21CACB063005460FD /* AppDelegate.swift */; };
		DDDF39C51CACB063005460FD /* LoginViewController.swift in Sources */ = {isa = PBXBuildFile; fileRef = DDDF39C41CACB063005460FD /* LoginViewController.swift */; };
		DDDF39CA1CACB063005460FD /* Assets.xcassets in Resources */ = {isa = PBXBuildFile; fileRef = DDDF39C91CACB063005460FD /* Assets.xcassets */; };
		DDDF39CD1CACB063005460FD /* LaunchScreen.storyboard in Resources */ = {isa = PBXBuildFile; fileRef = DDDF39CB1CACB063005460FD /* LaunchScreen.storyboard */; };
/* End PBXBuildFile section */

/* Begin PBXFileReference section */
		DD961A381CAD621C00A5A60E /* RegisterViewController.swift */ = {isa = PBXFileReference; fileEncoding = 4; lastKnownFileType = sourcecode.swift; path = RegisterViewController.swift; sourceTree = "<group>"; };
		DD961A411CB0822800A5A60E /* MainViewController.swift */ = {isa = PBXFileReference; fileEncoding = 4; lastKnownFileType = sourcecode.swift; path = MainViewController.swift; sourceTree = "<group>"; };
		DD961A431CB0BFA400A5A60E /* CustomTabBarController.swift */ = {isa = PBXFileReference; fileEncoding = 4; lastKnownFileType = sourcecode.swift; path = CustomTabBarController.swift; sourceTree = "<group>"; };
		DD961A451CB0C1F600A5A60E /* CameraViewController.swift */ = {isa = PBXFileReference; fileEncoding = 4; lastKnownFileType = sourcecode.swift; path = CameraViewController.swift; sourceTree = "<group>"; };
		DD961A471CB2173700A5A60E /* PicturePreviewViewController.swift */ = {isa = PBXFileReference; fileEncoding = 4; lastKnownFileType = sourcecode.swift; name = PicturePreviewViewController.swift; path = ../PicturePreviewViewController.swift; sourceTree = "<group>"; };
		DD961A491CB2AE1200A5A60E /* SearchViewController.swift */ = {isa = PBXFileReference; fileEncoding = 4; lastKnownFileType = sourcecode.swift; path = SearchViewController.swift; sourceTree = "<group>"; };
		DDDF39BF1CACB063005460FD /* ricochetAlphaNoStoryboard.app */ = {isa = PBXFileReference; explicitFileType = wrapper.application; includeInIndex = 0; path = ricochetAlphaNoStoryboard.app; sourceTree = BUILT_PRODUCTS_DIR; };
		DDDF39C21CACB063005460FD /* AppDelegate.swift */ = {isa = PBXFileReference; lastKnownFileType = sourcecode.swift; path = AppDelegate.swift; sourceTree = "<group>"; };
		DDDF39C41CACB063005460FD /* LoginViewController.swift */ = {isa = PBXFileReference; lastKnownFileType = sourcecode.swift; path = LoginViewController.swift; sourceTree = "<group>"; };
		DDDF39C91CACB063005460FD /* Assets.xcassets */ = {isa = PBXFileReference; lastKnownFileType = folder.assetcatalog; path = Assets.xcassets; sourceTree = "<group>"; };
		DDDF39CC1CACB063005460FD /* Base */ = {isa = PBXFileReference; lastKnownFileType = file.storyboard; name = Base; path = Base.lproj/LaunchScreen.storyboard; sourceTree = "<group>"; };
		DDDF39CE1CACB063005460FD /* Info.plist */ = {isa = PBXFileReference; lastKnownFileType = text.plist.xml; path = Info.plist; sourceTree = "<group>"; };
/* End PBXFileReference section */

/* Begin PBXFrameworksBuildPhase section */
		DDDF39BC1CACB063005460FD /* Frameworks */ = {
			isa = PBXFrameworksBuildPhase;
			buildActionMask = 2147483647;
			files = (
			);
			runOnlyForDeploymentPostprocessing = 0;
		};
/* End PBXFrameworksBuildPhase section */

/* Begin PBXGroup section */
		DDDF39B61CACB063005460FD = {
			isa = PBXGroup;
			children = (
				DDDF39C11CACB063005460FD /* ricochetAlphaNoStoryboard */,
				DDDF39C01CACB063005460FD /* Products */,
			);
			sourceTree = "<group>";
		};
		DDDF39C01CACB063005460FD /* Products */ = {
			isa = PBXGroup;
			children = (
				DDDF39BF1CACB063005460FD /* ricochetAlphaNoStoryboard.app */,
			);
			name = Products;
			sourceTree = "<group>";
		};
		DDDF39C11CACB063005460FD /* ricochetAlphaNoStoryboard */ = {
			isa = PBXGroup;
			children = (
				DD961A471CB2173700A5A60E /* PicturePreviewViewController.swift */,
				DDDF39C21CACB063005460FD /* AppDelegate.swift */,
				DD961A411CB0822800A5A60E /* MainViewController.swift */,
				DD961A451CB0C1F600A5A60E /* CameraViewController.swift */,
				DD961A431CB0BFA400A5A60E /* CustomTabBarController.swift */,
				DD961A491CB2AE1200A5A60E /* SearchViewController.swift */,
				DDDF39C41CACB063005460FD /* LoginViewController.swift */,
				DD961A381CAD621C00A5A60E /* RegisterViewController.swift */,
				DDDF39C91CACB063005460FD /* Assets.xcassets */,
				DDDF39CB1CACB063005460FD /* LaunchScreen.storyboard */,
				DDDF39CE1CACB063005460FD /* Info.plist */,
			);
			path = ricochetAlphaNoStoryboard;
			sourceTree = "<group>";
		};
/* End PBXGroup section */

/* Begin PBXNativeTarget section */
		DDDF39BE1CACB063005460FD /* ricochetAlphaNoStoryboard */ = {
			isa = PBXNativeTarget;
			buildConfigurationList = DDDF39D11CACB063005460FD /* Build configuration list for PBXNativeTarget "ricochetAlphaNoStoryboard" */;
			buildPhases = (
				DDDF39BB1CACB063005460FD /* Sources */,
				DDDF39BC1CACB063005460FD /* Frameworks */,
				DDDF39BD1CACB063005460FD /* Resources */,
			);
			buildRules = (
			);
			dependencies = (
			);
			name = ricochetAlphaNoStoryboard;
			productName = ricochetAlphaNoStoryboard;
			productReference = DDDF39BF1CACB063005460FD /* ricochetAlphaNoStoryboard.app */;
			productType = "com.apple.product-type.application";
		};
/* End PBXNativeTarget section */

/* Begin PBXProject section */
		DDDF39B71CACB063005460FD /* Project object */ = {
			isa = PBXProject;
			attributes = {
				LastSwiftUpdateCheck = 0730;
				LastUpgradeCheck = 0730;
				ORGANIZATIONNAME = ricochet;
				TargetAttributes = {
					DDDF39BE1CACB063005460FD = {
						CreatedOnToolsVersion = 7.3;
						DevelopmentTeam = V4NU3N8EM7;
					};
				};
			};
			buildConfigurationList = DDDF39BA1CACB063005460FD /* Build configuration list for PBXProject "ricochetAlphaNoStoryboard" */;
			compatibilityVersion = "Xcode 3.2";
			developmentRegion = English;
			hasScannedForEncodings = 0;
			knownRegions = (
				en,
				Base,
			);
			mainGroup = DDDF39B61CACB063005460FD;
			productRefGroup = DDDF39C01CACB063005460FD /* Products */;
			projectDirPath = "";
			projectRoot = "";
			targets = (
				DDDF39BE1CACB063005460FD /* ricochetAlphaNoStoryboard */,
			);
		};
/* End PBXProject section */

/* Begin PBXResourcesBuildPhase section */
		DDDF39BD1CACB063005460FD /* Resources */ = {
			isa = PBXResourcesBuildPhase;
			buildActionMask = 2147483647;
			files = (
				DDDF39CD1CACB063005460FD /* LaunchScreen.storyboard in Resources */,
				DDDF39CA1CACB063005460FD /* Assets.xcassets in Resources */,
			);
			runOnlyForDeploymentPostprocessing = 0;
		};
/* End PBXResourcesBuildPhase section */

/* Begin PBXSourcesBuildPhase section */
		DDDF39BB1CACB063005460FD /* Sources */ = {
			isa = PBXSourcesBuildPhase;
			buildActionMask = 2147483647;
			files = (
				DD961A391CAD621C00A5A60E /* RegisterViewController.swift in Sources */,
				DDDF39C51CACB063005460FD /* LoginViewController.swift in Sources */,
				DD961A4A1CB2AE1200A5A60E /* SearchViewController.swift in Sources */,
				DD961A441CB0BFA400A5A60E /* CustomTabBarController.swift in Sources */,
				DD961A481CB2173700A5A60E /* PicturePreviewViewController.swift in Sources */,
				DDDF39C31CACB063005460FD /* AppDelegate.swift in Sources */,
				DD961A421CB0822800A5A60E /* MainViewController.swift in Sources */,
				DD961A461CB0C1F600A5A60E /* CameraViewController.swift in Sources */,
			);
			runOnlyForDeploymentPostprocessing = 0;
		};
/* End PBXSourcesBuildPhase section */

/* Begin PBXVariantGroup section */
		DDDF39CB1CACB063005460FD /* LaunchScreen.storyboard */ = {
			isa = PBXVariantGroup;
			children = (
				DDDF39CC1CACB063005460FD /* Base */,
			);
			name = LaunchScreen.storyboard;
			sourceTree = "<group>";
		};
/* End PBXVariantGroup section */

/* Begin XCBuildConfiguration section */
		DDDF39CF1CACB063005460FD /* Debug */ = {
			isa = XCBuildConfiguration;
			buildSettings = {
				ALWAYS_SEARCH_USER_PATHS = NO;
				CLANG_ANALYZER_NONNULL = YES;
				CLANG_CXX_LANGUAGE_STANDARD = "gnu++0x";
				CLANG_CXX_LIBRARY = "libc++";
				CLANG_ENABLE_MODULES = YES;
				CLANG_ENABLE_OBJC_ARC = YES;
				CLANG_WARN_BOOL_CONVERSION = YES;
				CLANG_WARN_CONSTANT_CONVERSION = YES;
				CLANG_WARN_DIRECT_OBJC_ISA_USAGE = YES_ERROR;
				CLANG_WARN_EMPTY_BODY = YES;
				CLANG_WARN_ENUM_CONVERSION = YES;
				CLANG_WARN_INT_CONVERSION = YES;
				CLANG_WARN_OBJC_ROOT_CLASS = YES_ERROR;
				CLANG_WARN_UNREACHABLE_CODE = YES;
				CLANG_WARN__DUPLICATE_METHOD_MATCH = YES;
				"CODE_SIGN_IDENTITY[sdk=iphoneos*]" = "iPhone Developer";
				COPY_PHASE_STRIP = NO;
				DEBUG_INFORMATION_FORMAT = dwarf;
				ENABLE_STRICT_OBJC_MSGSEND = YES;
				ENABLE_TESTABILITY = YES;
				GCC_C_LANGUAGE_STANDARD = gnu99;
				GCC_DYNAMIC_NO_PIC = NO;
				GCC_NO_COMMON_BLOCKS = YES;
				GCC_OPTIMIZATION_LEVEL = 0;
				GCC_PREPROCESSOR_DEFINITIONS = (
					"DEBUG=1",
					"$(inherited)",
				);
				GCC_WARN_64_TO_32_BIT_CONVERSION = YES;
				GCC_WARN_ABOUT_RETURN_TYPE = YES_ERROR;
				GCC_WARN_UNDECLARED_SELECTOR = YES;
				GCC_WARN_UNINITIALIZED_AUTOS = YES_AGGRESSIVE;
				GCC_WARN_UNUSED_FUNCTION = YES;
				GCC_WARN_UNUSED_VARIABLE = YES;
				IPHONEOS_DEPLOYMENT_TARGET = 9.3;
				MTL_ENABLE_DEBUG_INFO = YES;
				ONLY_ACTIVE_ARCH = YES;
				SDKROOT = iphoneos;
				SWIFT_OPTIMIZATION_LEVEL = "-Onone";
				TARGETED_DEVICE_FAMILY = "1,2";
			};
			name = Debug;
		};
		DDDF39D01CACB063005460FD /* Release */ = {
			isa = XCBuildConfiguration;
			buildSettings = {
				ALWAYS_SEARCH_USER_PATHS = NO;
				CLANG_ANALYZER_NONNULL = YES;
				CLANG_CXX_LANGUAGE_STANDARD = "gnu++0x";
				CLANG_CXX_LIBRARY = "libc++";
				CLANG_ENABLE_MODULES = YES;
				CLANG_ENABLE_OBJC_ARC = YES;
				CLANG_WARN_BOOL_CONVERSION = YES;
				CLANG_WARN_CONSTANT_CONVERSION = YES;
				CLANG_WARN_DIRECT_OBJC_ISA_USAGE = YES_ERROR;
				CLANG_WARN_EMPTY_BODY = YES;
				CLANG_WARN_ENUM_CONVERSION = YES;
				CLANG_WARN_INT_CONVERSION = YES;
				CLANG_WARN_OBJC_ROOT_CLASS = YES_ERROR;
				CLANG_WARN_UNREACHABLE_CODE = YES;
				CLANG_WARN__DUPLICATE_METHOD_MATCH = YES;
				"CODE_SIGN_IDENTITY[sdk=iphoneos*]" = "iPhone Developer";
				COPY_PHASE_STRIP = NO;
				DEBUG_INFORMATION_FORMAT = "dwarf-with-dsym";
				ENABLE_NS_ASSERTIONS = NO;
				ENABLE_STRICT_OBJC_MSGSEND = YES;
				GCC_C_LANGUAGE_STANDARD = gnu99;
				GCC_NO_COMMON_BLOCKS = YES;
				GCC_WARN_64_TO_32_BIT_CONVERSION = YES;
				GCC_WARN_ABOUT_RETURN_TYPE = YES_ERROR;
				GCC_WARN_UNDECLARED_SELECTOR = YES;
				GCC_WARN_UNINITIALIZED_AUTOS = YES_AGGRESSIVE;
				GCC_WARN_UNUSED_FUNCTION = YES;
				GCC_WARN_UNUSED_VARIABLE = YES;
				IPHONEOS_DEPLOYMENT_TARGET = 9.3;
				MTL_ENABLE_DEBUG_INFO = NO;
				SDKROOT = iphoneos;
				TARGETED_DEVICE_FAMILY = "1,2";
				VALIDATE_PRODUCT = YES;
			};
			name = Release;
		};
		DDDF39D21CACB063005460FD /* Debug */ = {
			isa = XCBuildConfiguration;
			buildSettings = {
				ASSETCATALOG_COMPILER_APPICON_NAME = AppIcon;
				INFOPLIST_FILE = ricochetAlphaNoStoryboard/Info.plist;
				LD_RUNPATH_SEARCH_PATHS = "$(inherited) @executable_path/Frameworks";
				PRODUCT_BUNDLE_IDENTIFIER = com.ricochet.ricochetAlphaNoStoryboard;
				PRODUCT_NAME = "$(TARGET_NAME)";
			};
			name = Debug;
		};
		DDDF39D31CACB063005460FD /* Release */ = {
			isa = XCBuildConfiguration;
			buildSettings = {
				ASSETCATALOG_COMPILER_APPICON_NAME = AppIcon;
				INFOPLIST_FILE = ricochetAlphaNoStoryboard/Info.plist;
				LD_RUNPATH_SEARCH_PATHS = "$(inherited) @executable_path/Frameworks";
				PRODUCT_BUNDLE_IDENTIFIER = com.ricochet.ricochetAlphaNoStoryboard;
				PRODUCT_NAME = "$(TARGET_NAME)";
			};
			name = Release;
		};
/* End XCBuildConfiguration section */

/* Begin XCConfigurationList section */
		DDDF39BA1CACB063005460FD /* Build configuration list for PBXProject "ricochetAlphaNoStoryboard" */ = {
			isa = XCConfigurationList;
			buildConfigurations = (
				DDDF39CF1CACB063005460FD /* Debug */,
				DDDF39D01CACB063005460FD /* Release */,
			);
			defaultConfigurationIsVisible = 0;
			defaultConfigurationName = Release;
		};
		DDDF39D11CACB063005460FD /* Build configuration list for PBXNativeTarget "ricochetAlphaNoStoryboard" */ = {
			isa = XCConfigurationList;
			buildConfigurations = (
				DDDF39D21CACB063005460FD /* Debug */,
				DDDF39D31CACB063005460FD /* Release */,
			);
			defaultConfigurationIsVisible = 0;
			defaultConfigurationName = Release;
		};
/* End XCConfigurationList section */
	};
	rootObject = DDDF39B71CACB063005460FD /* Project object */;
}
